
Microsoft Visual Studio Solution File, Format Version 12.00
# Visual Studio Version 17
VisualStudioVersion = 17.6.33829.357
MinimumVisualStudioVersion = 10.0.40219.1
Project("{9A19103F-16F7-4668-BE54-9A1E7A4F7556}") = "UsersRestService", "UsersRestService.csproj", "{55531935-5789-42EE-AF5D-5BFB9B546176}"
EndProject
Project("{FAE04EC0-301F-11D3-BF4B-00C04F79EFBC}") = "UserRestService.Tests", "..\UserRestService.Tests\UserRestService.Tests.csproj", "{5E803990-543D-4B32-B1F0-D486AF601F3E}"
EndProject
Global
	GlobalSection(SolutionConfigurationPlatforms) = preSolution
		Debug|Any CPU = Debug|Any CPU
		Release|Any CPU = Release|Any CPU
	EndGlobalSection
	GlobalSection(ProjectConfigurationPlatforms) = postSolution
		{55531935-5789-42EE-AF5D-5BFB9B546176}.Debug|Any CPU.ActiveCfg = Debug|Any CPU
		{55531935-5789-42EE-AF5D-5BFB9B546176}.Debug|Any CPU.Build.0 = Debug|Any CPU
		{55531935-5789-42EE-AF5D-5BFB9B546176}.Release|Any CPU.ActiveCfg = Release|Any CPU
		{55531935-5789-42EE-AF5D-5BFB9B546176}.Release|Any CPU.Build.0 = Release|Any CPU
		{5E803990-543D-4B32-B1F0-D486AF601F3E}.Debug|Any CPU.ActiveCfg = Debug|Any CPU
		{5E803990-543D-4B32-B1F0-D486AF601F3E}.Debug|Any CPU.Build.0 = Debug|Any CPU
		{5E803990-543D-4B32-B1F0-D486AF601F3E}.Release|Any CPU.ActiveCfg = Release|Any CPU
		{5E803990-543D-4B32-B1F0-D486AF601F3E}.Release|Any CPU.Build.0 = Release|Any CPU
	EndGlobalSection
	GlobalSection(SolutionProperties) = preSolution
		HideSolutionNode = FALSE
	EndGlobalSection
	GlobalSection(ExtensibilityGlobals) = postSolution
		SolutionGuid = {BBBE7716-9716-412C-B8F3-BDE03C7DA2BB}
	EndGlobalSection
EndGlobal
